
Microsoft Visual Studio Solution File, Format Version 12.00
# Visual Studio Version 16
VisualStudioVersion = 16.0.32630.194
MinimumVisualStudioVersion = 10.0.40219.1
Project("{9A19103F-16F7-4668-BE54-9A1E7A4F7556}") = "Satistics_API_client", "Satistics_API_client\Satistics_API_client.csproj", "{80EDCE20-0E52-4FBA-BC52-A07F658B8806}"
EndProject
Project("{9A19103F-16F7-4668-BE54-9A1E7A4F7556}") = "Artificial_Inteligents_API", "Artificial_Inteligents_API\Artificial_Inteligents_API.csproj", "{36AA1372-AE5E-4ED9-8A32-E6BF6E0EA6F0}"
EndProject
Project("{9A19103F-16F7-4668-BE54-9A1E7A4F7556}") = "Statistics_API_client_Test_L1", "Statistics_API_client_Test_L1\Statistics_API_client_Test_L1.csproj", "{3108A5D5-07AB-47E6-83A0-D27526FDDF4B}"
EndProject
Project("{FAE04EC0-301F-11D3-BF4B-00C04F79EFBC}") = "Stats_API_70", "Stats_API_70\Stats_API_70.csproj", "{341A0D42-F387-4A90-AD8F-039873D6695E}"
EndProject
Global
	GlobalSection(SolutionConfigurationPlatforms) = preSolution
		Debug|Any CPU = Debug|Any CPU
		Release|Any CPU = Release|Any CPU
	EndGlobalSection
	GlobalSection(ProjectConfigurationPlatforms) = postSolution
		{80EDCE20-0E52-4FBA-BC52-A07F658B8806}.Debug|Any CPU.ActiveCfg = Debug|Any CPU
		{80EDCE20-0E52-4FBA-BC52-A07F658B8806}.Debug|Any CPU.Build.0 = Debug|Any CPU
		{80EDCE20-0E52-4FBA-BC52-A07F658B8806}.Release|Any CPU.ActiveCfg = Release|Any CPU
		{80EDCE20-0E52-4FBA-BC52-A07F658B8806}.Release|Any CPU.Build.0 = Release|Any CPU
		{36AA1372-AE5E-4ED9-8A32-E6BF6E0EA6F0}.Debug|Any CPU.ActiveCfg = Debug|Any CPU
		{36AA1372-AE5E-4ED9-8A32-E6BF6E0EA6F0}.Debug|Any CPU.Build.0 = Debug|Any CPU
		{36AA1372-AE5E-4ED9-8A32-E6BF6E0EA6F0}.Release|Any CPU.ActiveCfg = Release|Any CPU
		{36AA1372-AE5E-4ED9-8A32-E6BF6E0EA6F0}.Release|Any CPU.Build.0 = Release|Any CPU
		{3108A5D5-07AB-47E6-83A0-D27526FDDF4B}.Debug|Any CPU.ActiveCfg = Debug|Any CPU
		{3108A5D5-07AB-47E6-83A0-D27526FDDF4B}.Debug|Any CPU.Build.0 = Debug|Any CPU
		{3108A5D5-07AB-47E6-83A0-D27526FDDF4B}.Release|Any CPU.ActiveCfg = Release|Any CPU
		{3108A5D5-07AB-47E6-83A0-D27526FDDF4B}.Release|Any CPU.Build.0 = Release|Any CPU
		{341A0D42-F387-4A90-AD8F-039873D6695E}.Debug|Any CPU.ActiveCfg = Debug|Any CPU
		{341A0D42-F387-4A90-AD8F-039873D6695E}.Debug|Any CPU.Build.0 = Debug|Any CPU
		{341A0D42-F387-4A90-AD8F-039873D6695E}.Release|Any CPU.ActiveCfg = Release|Any CPU
		{341A0D42-F387-4A90-AD8F-039873D6695E}.Release|Any CPU.Build.0 = Release|Any CPU
	EndGlobalSection
	GlobalSection(SolutionProperties) = preSolution
		HideSolutionNode = FALSE
	EndGlobalSection
	GlobalSection(ExtensibilityGlobals) = postSolution
		SolutionGuid = {8F37A42B-DBD8-4CFB-86DE-B4E76BA89777}
	EndGlobalSection
EndGlobal
